version = 1
revision = 3
requires-python = ">=3.10"


[[package]]
name = "anthropic"
version = "0.84.0"
source = { registry = "https://pypi.org/simple" }
dependencies = [
    { name = "anyio" },
    { name = "distro" },
    { name = "docstring-parser" },
    { name = "httpx" },
    { name = "jiter" },
    { name = "pydantic" },
    { name = "sniffio" },
    { name = "typing-extensions" },
]
sdist = { url = "https://files.pythonhosted.org/packages/04/ea/0869d6df9ef83dcf393aeefc12dd81677d091c6ffc86f783e51cf44062f2/anthropic-0.84.0.tar.gz", hash = "sha256:72f5f90e5aebe62dca316cb013629cfa24996b0f5a4593b8c3d712bc03c43c37", size = 539457, upload-time = "2026-02-25T05:22:38.54Z" }
wheels = [
    { url = "https://files.pythonhosted.org/packages/64/ca/218fa25002a332c0aa149ba18ffc0543175998b1f65de63f6d106689a345/anthropic-0.84.0-py3-none-any.whl", hash = "sha256:861c4c50f91ca45f942e091d83b60530ad6d4f98733bfe648065364da05d29e7", size = 455156, upload-time = "2026-02-25T05:22:40.468Z" },
]

[[package]]
name = "anyio"
version = "4.12.1"
source = { registry = "https://pypi.org/simple" }
dependencies = [
    { name = "exceptiongroup", marker = "python_full_version < '3.11'" },
    { name = "idna" },
    { name = "typing-extensions", marker = "python_full_version < '3.13'" },
]
sdist = { url = "https://files.pythonhosted.org/packages/96/f0/5eb65b2bb0d09ac6776f2eb54adee6abe8228ea05b20a5ad0e4945de8aac/anyio-4.12.1.tar.gz", hash = "sha256:41cfcc3a4c85d3f05c932da7c26d0201ac36f72abd4435ba90d0464a3ffed703", size = 228685, upload-time = "2026-01-06T11:45:21.246Z" }
wheels = [
    { url = "https://files.pythonhosted.org/packages/38/0e/27be9fdef66e72d64c0cdc3cc2823101b80585f8119b5c112c2e8f5f7dab/anyio-4.12.1-py3-none-any.whl", hash = "sha256:d405828884fc140aa80a3c667b8beed277f1dfedec42ba031bd6ac3db606ab6c", size = 113592, upload-time = "2026-01-06T11:45:19.497Z" },
]
